
Microsoft Visual Studio Solution File, Format Version 12.00
Project("{2150E333-8FDC-42A3-9474-1A3956D46DE8}") = "Core", "Core", "{D3EA1A6B-4667-4D2D-8F7F-DE3C300F7B7D}"
EndProject
Project("{2150E333-8FDC-42A3-9474-1A3956D46DE8}") = "Gateway", "Gateway", "{448102A6-FFBA-4507-A43D-76730B611C76}"
EndProject
Project("{FAE04EC0-301F-11D3-BF4B-00C04F79EFBC}") = "Core.Domain", "Core\Core.Domain\Core.Domain.csproj", "{C32D49EF-86A6-4DE2-8047-DC2728C618DD}"
EndProject
Project("{FAE04EC0-301F-11D3-BF4B-00C04F79EFBC}") = "Core.Infrastructure", "Core\Core.Infrastructure\Core.Infrastructure.csproj", "{B0A0CA02-4990-4E06-B692-0800F72523B2}"
EndProject
Project("{FAE04EC0-301F-11D3-BF4B-00C04F79EFBC}") = "Gateway.Api", "Gateway\Gateway.Api\Gateway.Api.csproj", "{7CAFAC19-2308-4CEC-A364-63691EA07554}"
EndProject
Project("{FAE04EC0-301F-11D3-BF4B-00C04F79EFBC}") = "Gateway.Application", "Gateway\Gateway.Application\Gateway.Application.csproj", "{C125ECBB-D257-4D7D-96AD-0DAB42E3F1F7}"
EndProject
Project("{FAE04EC0-301F-11D3-BF4B-00C04F79EFBC}") = "Gateway.Domain", "Gateway\Gateway.Domain\Gateway.Domain.csproj", "{6126177B-F58D-4C07-8A4E-51326B3F73CD}"
EndProject
Project("{FAE04EC0-301F-11D3-BF4B-00C04F79EFBC}") = "Gateway.Infrastructure", "Gateway\Gateway.Infrastructure\Gateway.Infrastructure.csproj", "{7766F4E2-2C43-41D2-B91A-4D2FF055B074}"
EndProject
Global
	GlobalSection(SolutionConfigurationPlatforms) = preSolution
		Debug|Any CPU = Debug|Any CPU
		Debug|x64 = Debug|x64
		Debug|x86 = Debug|x86
		Release|Any CPU = Release|Any CPU
		Release|x64 = Release|x64
		Release|x86 = Release|x86
	EndGlobalSection
	GlobalSection(ProjectConfigurationPlatforms) = postSolution
		{C32D49EF-86A6-4DE2-8047-DC2728C618DD}.Debug|Any CPU.ActiveCfg = Debug|Any CPU
		{C32D49EF-86A6-4DE2-8047-DC2728C618DD}.Debug|Any CPU.Build.0 = Debug|Any CPU
		{C32D49EF-86A6-4DE2-8047-DC2728C618DD}.Debug|x64.ActiveCfg = Debug|Any CPU
		{C32D49EF-86A6-4DE2-8047-DC2728C618DD}.Debug|x64.Build.0 = Debug|Any CPU
		{C32D49EF-86A6-4DE2-8047-DC2728C618DD}.Debug|x86.ActiveCfg = Debug|Any CPU
		{C32D49EF-86A6-4DE2-8047-DC2728C618DD}.Debug|x86.Build.0 = Debug|Any CPU
		{C32D49EF-86A6-4DE2-8047-DC2728C618DD}.Release|Any CPU.ActiveCfg = Release|Any CPU
		{C32D49EF-86A6-4DE2-8047-DC2728C618DD}.Release|Any CPU.Build.0 = Release|Any CPU
		{C32D49EF-86A6-4DE2-8047-DC2728C618DD}.Release|x64.ActiveCfg = Release|Any CPU
		{C32D49EF-86A6-4DE2-8047-DC2728C618DD}.Release|x64.Build.0 = Release|Any CPU
		{C32D49EF-86A6-4DE2-8047-DC2728C618DD}.Release|x86.ActiveCfg = Release|Any CPU
		{C32D49EF-86A6-4DE2-8047-DC2728C618DD}.Release|x86.Build.0 = Release|Any CPU
		{B0A0CA02-4990-4E06-B692-0800F72523B2}.Debug|Any CPU.ActiveCfg = Debug|Any CPU
		{B0A0CA02-4990-4E06-B692-0800F72523B2}.Debug|Any CPU.Build.0 = Debug|Any CPU
		{B0A0CA02-4990-4E06-B692-0800F72523B2}.Debug|x64.ActiveCfg = Debug|Any CPU
		{B0A0CA02-4990-4E06-B692-0800F72523B2}.Debug|x64.Build.0 = Debug|Any CPU
		{B0A0CA02-4990-4E06-B692-0800F72523B2}.Debug|x86.ActiveCfg = Debug|Any CPU
		{B0A0CA02-4990-4E06-B692-0800F72523B2}.Debug|x86.Build.0 = Debug|Any CPU
		{B0A0CA02-4990-4E06-B692-0800F72523B2}.Release|Any CPU.ActiveCfg = Release|Any CPU
		{B0A0CA02-4990-4E06-B692-0800F72523B2}.Release|Any CPU.Build.0 = Release|Any CPU
		{B0A0CA02-4990-4E06-B692-0800F72523B2}.Release|x64.ActiveCfg = Release|Any CPU
		{B0A0CA02-4990-4E06-B692-0800F72523B2}.Release|x64.Build.0 = Release|Any CPU
		{B0A0CA02-4990-4E06-B692-0800F72523B2}.Release|x86.ActiveCfg = Release|Any CPU
		{B0A0CA02-4990-4E06-B692-0800F72523B2}.Release|x86.Build.0 = Release|Any CPU
		{7CAFAC19-2308-4CEC-A364-63691EA07554}.Debug|Any CPU.ActiveCfg = Debug|Any CPU
		{7CAFAC19-2308-4CEC-A364-63691EA07554}.Debug|Any CPU.Build.0 = Debug|Any CPU
		{7CAFAC19-2308-4CEC-A364-63691EA07554}.Debug|x64.ActiveCfg = Debug|Any CPU
		{7CAFAC19-2308-4CEC-A364-63691EA07554}.Debug|x64.Build.0 = Debug|Any CPU
		{7CAFAC19-2308-4CEC-A364-63691EA07554}.Debug|x86.ActiveCfg = Debug|Any CPU
		{7CAFAC19-2308-4CEC-A364-63691EA07554}.Debug|x86.Build.0 = Debug|Any CPU
		{7CAFAC19-2308-4CEC-A364-63691EA07554}.Release|Any CPU.ActiveCfg = Release|Any CPU
		{7CAFAC19-2308-4CEC-A364-63691EA07554}.Release|Any CPU.Build.0 = Release|Any CPU
		{7CAFAC19-2308-4CEC-A364-63691EA07554}.Release|x64.ActiveCfg = Release|Any CPU
		{7CAFAC19-2308-4CEC-A364-63691EA07554}.Release|x64.Build.0 = Release|Any CPU
		{7CAFAC19-2308-4CEC-A364-63691EA07554}.Release|x86.ActiveCfg = Release|Any CPU
		{7CAFAC19-2308-4CEC-A364-63691EA07554}.Release|x86.Build.0 = Release|Any CPU
		{C125ECBB-D257-4D7D-96AD-0DAB42E3F1F7}.Debug|Any CPU.ActiveCfg = Debug|Any CPU
		{C125ECBB-D257-4D7D-96AD-0DAB42E3F1F7}.Debug|Any CPU.Build.0 = Debug|Any CPU
		{C125ECBB-D257-4D7D-96AD-0DAB42E3F1F7}.Debug|x64.ActiveCfg = Debug|Any CPU
		{C125ECBB-D257-4D7D-96AD-0DAB42E3F1F7}.Debug|x64.Build.0 = Debug|Any CPU
		{C125ECBB-D257-4D7D-96AD-0DAB42E3F1F7}.Debug|x86.ActiveCfg = Debug|Any CPU
		{C125ECBB-D257-4D7D-96AD-0DAB42E3F1F7}.Debug|x86.Build.0 = Debug|Any CPU
		{C125ECBB-D257-4D7D-96AD-0DAB42E3F1F7}.Release|Any CPU.ActiveCfg = Release|Any CPU
		{C125ECBB-D257-4D7D-96AD-0DAB42E3F1F7}.Release|Any CPU.Build.0 = Release|Any CPU
		{C125ECBB-D257-4D7D-96AD-0DAB42E3F1F7}.Release|x64.ActiveCfg = Release|Any CPU
		{C125ECBB-D257-4D7D-96AD-0DAB42E3F1F7}.Release|x64.Build.0 = Release|Any CPU
		{C125ECBB-D257-4D7D-96AD-0DAB42E3F1F7}.Release|x86.ActiveCfg = Release|Any CPU
		{C125ECBB-D257-4D7D-96AD-0DAB42E3F1F7}.Release|x86.Build.0 = Release|Any CPU
		{6126177B-F58D-4C07-8A4E-51326B3F73CD}.Debug|Any CPU.ActiveCfg = Debug|Any CPU
		{6126177B-F58D-4C07-8A4E-51326B3F73CD}.Debug|Any CPU.Build.0 = Debug|Any CPU
		{6126177B-F58D-4C07-8A4E-51326B3F73CD}.Debug|x64.ActiveCfg = Debug|Any CPU
		{6126177B-F58D-4C07-8A4E-51326B3F73CD}.Debug|x64.Build.0 = Debug|Any CPU
		{6126177B-F58D-4C07-8A4E-51326B3F73CD}.Debug|x86.ActiveCfg = Debug|Any CPU
		{6126177B-F58D-4C07-8A4E-51326B3F73CD}.Debug|x86.Build.0 = Debug|Any CPU
		{6126177B-F58D-4C07-8A4E-51326B3F73CD}.Release|Any CPU.ActiveCfg = Release|Any CPU
		{6126177B-F58D-4C07-8A4E-51326B3F73CD}.Release|Any CPU.Build.0 = Release|Any CPU
		{6126177B-F58D-4C07-8A4E-51326B3F73CD}.Release|x64.ActiveCfg = Release|Any CPU
		{6126177B-F58D-4C07-8A4E-51326B3F73CD}.Release|x64.Build.0 = Release|Any CPU
		{6126177B-F58D-4C07-8A4E-51326B3F73CD}.Release|x86.ActiveCfg = Release|Any CPU
		{6126177B-F58D-4C07-8A4E-51326B3F73CD}.Release|x86.Build.0 = Release|Any CPU
		{7766F4E2-2C43-41D2-B91A-4D2FF055B074}.Debug|Any CPU.ActiveCfg = Debug|Any CPU
		{7766F4E2-2C43-41D2-B91A-4D2FF055B074}.Debug|Any CPU.Build.0 = Debug|Any CPU
		{7766F4E2-2C43-41D2-B91A-4D2FF055B074}.Debug|x64.ActiveCfg = Debug|Any CPU
		{7766F4E2-2C43-41D2-B91A-4D2FF055B074}.Debug|x64.Build.0 = Debug|Any CPU
		{7766F4E2-2C43-41D2-B91A-4D2FF055B074}.Debug|x86.ActiveCfg = Debug|Any CPU
		{7766F4E2-2C43-41D2-B91A-4D2FF055B074}.Debug|x86.Build.0 = Debug|Any CPU
		{7766F4E2-2C43-41D2-B91A-4D2FF055B074}.Release|Any CPU.ActiveCfg = Release|Any CPU
		{7766F4E2-2C43-41D2-B91A-4D2FF055B074}.Release|Any CPU.Build.0 = Release|Any CPU
		{7766F4E2-2C43-41D2-B91A-4D2FF055B074}.Release|x64.ActiveCfg = Release|Any CPU
		{7766F4E2-2C43-41D2-B91A-4D2FF055B074}.Release|x64.Build.0 = Release|Any CPU
		{7766F4E2-2C43-41D2-B91A-4D2FF055B074}.Release|x86.ActiveCfg = Release|Any CPU
		{7766F4E2-2C43-41D2-B91A-4D2FF055B074}.Release|x86.Build.0 = Release|Any CPU
	EndGlobalSection
	GlobalSection(SolutionProperties) = preSolution
		HideSolutionNode = FALSE
	EndGlobalSection
	GlobalSection(NestedProjects) = preSolution
		{C32D49EF-86A6-4DE2-8047-DC2728C618DD} = {D3EA1A6B-4667-4D2D-8F7F-DE3C300F7B7D}
		{B0A0CA02-4990-4E06-B692-0800F72523B2} = {D3EA1A6B-4667-4D2D-8F7F-DE3C300F7B7D}
		{7CAFAC19-2308-4CEC-A364-63691EA07554} = {448102A6-FFBA-4507-A43D-76730B611C76}
		{C125ECBB-D257-4D7D-96AD-0DAB42E3F1F7} = {448102A6-FFBA-4507-A43D-76730B611C76}
		{6126177B-F58D-4C07-8A4E-51326B3F73CD} = {448102A6-FFBA-4507-A43D-76730B611C76}
		{7766F4E2-2C43-41D2-B91A-4D2FF055B074} = {448102A6-FFBA-4507-A43D-76730B611C76}
	EndGlobalSection
EndGlobal
