
Microsoft Visual Studio Solution File, Format Version 12.00
Project("{2150E333-8FDC-42A3-9474-1A3956D46DE8}") = "Core", "Core", "{D3EA1A6B-4667-4D2D-8F7F-DE3C300F7B7D}"
EndProject
Project("{FAE04EC0-301F-11D3-BF4B-00C04F79EFBC}") = "Core.Domain", "Core\Core.Domain\Core.Domain.csproj", "{C32D49EF-86A6-4DE2-8047-DC2728C618DD}"
EndProject
Project("{FAE04EC0-301F-11D3-BF4B-00C04F79EFBC}") = "Core.Infrastructure", "Core\Core.Infrastructure\Core.Infrastructure.csproj", "{B0A0CA02-4990-4E06-B692-0800F72523B2}"
EndProject
Global
	GlobalSection(SolutionConfigurationPlatforms) = preSolution
		Debug|Any CPU = Debug|Any CPU
		Debug|x64 = Debug|x64
		Debug|x86 = Debug|x86
		Release|Any CPU = Release|Any CPU
		Release|x64 = Release|x64
		Release|x86 = Release|x86
	EndGlobalSection
	GlobalSection(ProjectConfigurationPlatforms) = postSolution
		{C32D49EF-86A6-4DE2-8047-DC2728C618DD}.Debug|Any CPU.ActiveCfg = Debug|Any CPU
		{C32D49EF-86A6-4DE2-8047-DC2728C618DD}.Debug|Any CPU.Build.0 = Debug|Any CPU
		{C32D49EF-86A6-4DE2-8047-DC2728C618DD}.Debug|x64.ActiveCfg = Debug|Any CPU
		{C32D49EF-86A6-4DE2-8047-DC2728C618DD}.Debug|x64.Build.0 = Debug|Any CPU
		{C32D49EF-86A6-4DE2-8047-DC2728C618DD}.Debug|x86.ActiveCfg = Debug|Any CPU
		{C32D49EF-86A6-4DE2-8047-DC2728C618DD}.Debug|x86.Build.0 = Debug|Any CPU
		{C32D49EF-86A6-4DE2-8047-DC2728C618DD}.Release|Any CPU.ActiveCfg = Release|Any CPU
		{C32D49EF-86A6-4DE2-8047-DC2728C618DD}.Release|Any CPU.Build.0 = Release|Any CPU
		{C32D49EF-86A6-4DE2-8047-DC2728C618DD}.Release|x64.ActiveCfg = Release|Any CPU
		{C32D49EF-86A6-4DE2-8047-DC2728C618DD}.Release|x64.Build.0 = Release|Any CPU
		{C32D49EF-86A6-4DE2-8047-DC2728C618DD}.Release|x86.ActiveCfg = Release|Any CPU
		{C32D49EF-86A6-4DE2-8047-DC2728C618DD}.Release|x86.Build.0 = Release|Any CPU
		{B0A0CA02-4990-4E06-B692-0800F72523B2}.Debug|Any CPU.ActiveCfg = Debug|Any CPU
		{B0A0CA02-4990-4E06-B692-0800F72523B2}.Debug|Any CPU.Build.0 = Debug|Any CPU
		{B0A0CA02-4990-4E06-B692-0800F72523B2}.Debug|x64.ActiveCfg = Debug|Any CPU
		{B0A0CA02-4990-4E06-B692-0800F72523B2}.Debug|x64.Build.0 = Debug|Any CPU
		{B0A0CA02-4990-4E06-B692-0800F72523B2}.Debug|x86.ActiveCfg = Debug|Any CPU
		{B0A0CA02-4990-4E06-B692-0800F72523B2}.Debug|x86.Build.0 = Debug|Any CPU
		{B0A0CA02-4990-4E06-B692-0800F72523B2}.Release|Any CPU.ActiveCfg = Release|Any CPU
		{B0A0CA02-4990-4E06-B692-0800F72523B2}.Release|Any CPU.Build.0 = Release|Any CPU
		{B0A0CA02-4990-4E06-B692-0800F72523B2}.Release|x64.ActiveCfg = Release|Any CPU
		{B0A0CA02-4990-4E06-B692-0800F72523B2}.Release|x64.Build.0 = Release|Any CPU
		{B0A0CA02-4990-4E06-B692-0800F72523B2}.Release|x86.ActiveCfg = Release|Any CPU
		{B0A0CA02-4990-4E06-B692-0800F72523B2}.Release|x86.Build.0 = Release|Any CPU
	EndGlobalSection
	GlobalSection(SolutionProperties) = preSolution
		HideSolutionNode = FALSE
	EndGlobalSection
	GlobalSection(NestedProjects) = preSolution
		{C32D49EF-86A6-4DE2-8047-DC2728C618DD} = {D3EA1A6B-4667-4D2D-8F7F-DE3C300F7B7D}
		{B0A0CA02-4990-4E06-B692-0800F72523B2} = {D3EA1A6B-4667-4D2D-8F7F-DE3C300F7B7D}
	EndGlobalSection
EndGlobal
