
Microsoft Visual Studio Solution File, Format Version 12.00
Project("{2150E333-8FDC-42A3-9474-1A3956D46DE8}") = "Core", "Core", "{D3EA1A6B-4667-4D2D-8F7F-DE3C300F7B7D}"
EndProject
Project("{2150E333-8FDC-42A3-9474-1A3956D46DE8}") = "Gateway", "Gateway", "{448102A6-FFBA-4507-A43D-76730B611C76}"
EndProject
Project("{2150E333-8FDC-42A3-9474-1A3956D46DE8}") = "Hosting", "Hosting", "{767C934A-38E6-475D-A96A-19A147ABED11}"
EndProject
Project("{2150E333-8FDC-42A3-9474-1A3956D46DE8}") = "MailService", "MailService", "{32D2B7F7-4CFA-4F6D-A38D-B9A197AEF936}"
EndProject
Project("{2150E333-8FDC-42A3-9474-1A3956D46DE8}") = "PushService", "PushService", "{AADD6A80-702B-4E4B-ACAB-2F9DAC9D0F0F}"
EndProject
Project("{2150E333-8FDC-42A3-9474-1A3956D46DE8}") = "SmsService", "SmsService", "{B0E9734B-EFB9-4780-AF40-5145531C422D}"
EndProject
Project("{FAE04EC0-301F-11D3-BF4B-00C04F79EFBC}") = "Core.Domain", "Core\Core.Domain\Core.Domain.csproj", "{C32D49EF-86A6-4DE2-8047-DC2728C618DD}"
EndProject
Project("{FAE04EC0-301F-11D3-BF4B-00C04F79EFBC}") = "Core.Infrastructure", "Core\Core.Infrastructure\Core.Infrastructure.csproj", "{B0A0CA02-4990-4E06-B692-0800F72523B2}"
EndProject
Project("{FAE04EC0-301F-11D3-BF4B-00C04F79EFBC}") = "Gateway.Api", "Gateway\Gateway.Api\Gateway.Api.csproj", "{7CAFAC19-2308-4CEC-A364-63691EA07554}"
EndProject
Project("{FAE04EC0-301F-11D3-BF4B-00C04F79EFBC}") = "Gateway.Application", "Gateway\Gateway.Application\Gateway.Application.csproj", "{C125ECBB-D257-4D7D-96AD-0DAB42E3F1F7}"
EndProject
Project("{FAE04EC0-301F-11D3-BF4B-00C04F79EFBC}") = "Gateway.Domain", "Gateway\Gateway.Domain\Gateway.Domain.csproj", "{6126177B-F58D-4C07-8A4E-51326B3F73CD}"
EndProject
Project("{FAE04EC0-301F-11D3-BF4B-00C04F79EFBC}") = "Gateway.Infrastructure", "Gateway\Gateway.Infrastructure\Gateway.Infrastructure.csproj", "{7766F4E2-2C43-41D2-B91A-4D2FF055B074}"
EndProject
Project("{FAE04EC0-301F-11D3-BF4B-00C04F79EFBC}") = "Hosting.NotificationServiceDefaults", "Hosting\Hosting.NotificationServiceDefaults\Hosting.NotificationServiceDefaults.csproj", "{798D53BA-2B6F-44A1-A9AA-06D384EABA64}"
EndProject
Project("{FAE04EC0-301F-11D3-BF4B-00C04F79EFBC}") = "Hosting.NotificationAppHost", "Hosting\Hosting.NotificationAppHost\Hosting.NotificationAppHost.csproj", "{6419AAC2-AEFC-4ED7-9788-89CFDAE03533}"
EndProject
Project("{FAE04EC0-301F-11D3-BF4B-00C04F79EFBC}") = "MailService.Infrastructure", "MailService\MailService.Infrastructure\MailService.Infrastructure.csproj", "{B09C153E-7FAC-4DFA-BD1A-032BA7DB9EB9}"
EndProject
Project("{FAE04EC0-301F-11D3-BF4B-00C04F79EFBC}") = "MailService.Application", "MailService\MailService.Application\MailService.Application.csproj", "{A74C82E3-ACCA-4B89-A45F-18663A4A687F}"
EndProject
Project("{FAE04EC0-301F-11D3-BF4B-00C04F79EFBC}") = "MailService.Api", "MailService\MailService.Api\MailService.Api.csproj", "{9120CCD8-B3F4-4883-8A6A-056450A81B0D}"
EndProject
Project("{FAE04EC0-301F-11D3-BF4B-00C04F79EFBC}") = "SmsService.Application", "SmsService\SmsService.Application\SmsService.Application.csproj", "{FF65B045-4983-42F9-B734-B05BD3DBC140}"
EndProject
Project("{FAE04EC0-301F-11D3-BF4B-00C04F79EFBC}") = "SmsService.Infrastructure", "SmsService\SmsService.Infrastructure\SmsService.Infrastructure.csproj", "{E4615939-BA39-4F54-991D-E9FCF58C55FB}"
EndProject
Project("{FAE04EC0-301F-11D3-BF4B-00C04F79EFBC}") = "SmsService.Api", "SmsService\SmsService.Api\SmsService.Api.csproj", "{5989E6D8-9445-4B29-BCFF-860FF433BCD8}"
EndProject
Project("{FAE04EC0-301F-11D3-BF4B-00C04F79EFBC}") = "PushService.Api", "PushService\PushService.Api\PushService.Api.csproj", "{F3F240E6-7D85-4268-8C85-19E9209D9F2A}"
EndProject
Project("{FAE04EC0-301F-11D3-BF4B-00C04F79EFBC}") = "PushService.Application", "PushService\PushService.Application\PushService.Application.csproj", "{EC586ACF-4E62-40C2-8ACA-30CD44F35B3E}"
EndProject
Project("{FAE04EC0-301F-11D3-BF4B-00C04F79EFBC}") = "PushService.Infrastructure", "PushService\PushService.Infrastructure\PushService.Infrastructure.csproj", "{602764E4-BDBC-4245-80DA-20163B7723E3}"
EndProject
Global
	GlobalSection(SolutionConfigurationPlatforms) = preSolution
		Debug|Any CPU = Debug|Any CPU
		Debug|x64 = Debug|x64
		Debug|x86 = Debug|x86
		Release|Any CPU = Release|Any CPU
		Release|x64 = Release|x64
		Release|x86 = Release|x86
	EndGlobalSection
	GlobalSection(ProjectConfigurationPlatforms) = postSolution
		{C32D49EF-86A6-4DE2-8047-DC2728C618DD}.Debug|Any CPU.ActiveCfg = Debug|Any CPU
		{C32D49EF-86A6-4DE2-8047-DC2728C618DD}.Debug|Any CPU.Build.0 = Debug|Any CPU
		{C32D49EF-86A6-4DE2-8047-DC2728C618DD}.Debug|x64.ActiveCfg = Debug|Any CPU
		{C32D49EF-86A6-4DE2-8047-DC2728C618DD}.Debug|x64.Build.0 = Debug|Any CPU
		{C32D49EF-86A6-4DE2-8047-DC2728C618DD}.Debug|x86.ActiveCfg = Debug|Any CPU
		{C32D49EF-86A6-4DE2-8047-DC2728C618DD}.Debug|x86.Build.0 = Debug|Any CPU
		{C32D49EF-86A6-4DE2-8047-DC2728C618DD}.Release|Any CPU.ActiveCfg = Release|Any CPU
		{C32D49EF-86A6-4DE2-8047-DC2728C618DD}.Release|Any CPU.Build.0 = Release|Any CPU
		{C32D49EF-86A6-4DE2-8047-DC2728C618DD}.Release|x64.ActiveCfg = Release|Any CPU
		{C32D49EF-86A6-4DE2-8047-DC2728C618DD}.Release|x64.Build.0 = Release|Any CPU
		{C32D49EF-86A6-4DE2-8047-DC2728C618DD}.Release|x86.ActiveCfg = Release|Any CPU
		{C32D49EF-86A6-4DE2-8047-DC2728C618DD}.Release|x86.Build.0 = Release|Any CPU
		{B0A0CA02-4990-4E06-B692-0800F72523B2}.Debug|Any CPU.ActiveCfg = Debug|Any CPU
		{B0A0CA02-4990-4E06-B692-0800F72523B2}.Debug|Any CPU.Build.0 = Debug|Any CPU
		{B0A0CA02-4990-4E06-B692-0800F72523B2}.Debug|x64.ActiveCfg = Debug|Any CPU
		{B0A0CA02-4990-4E06-B692-0800F72523B2}.Debug|x64.Build.0 = Debug|Any CPU
		{B0A0CA02-4990-4E06-B692-0800F72523B2}.Debug|x86.ActiveCfg = Debug|Any CPU
		{B0A0CA02-4990-4E06-B692-0800F72523B2}.Debug|x86.Build.0 = Debug|Any CPU
		{B0A0CA02-4990-4E06-B692-0800F72523B2}.Release|Any CPU.ActiveCfg = Release|Any CPU
		{B0A0CA02-4990-4E06-B692-0800F72523B2}.Release|Any CPU.Build.0 = Release|Any CPU
		{B0A0CA02-4990-4E06-B692-0800F72523B2}.Release|x64.ActiveCfg = Release|Any CPU
		{B0A0CA02-4990-4E06-B692-0800F72523B2}.Release|x64.Build.0 = Release|Any CPU
		{B0A0CA02-4990-4E06-B692-0800F72523B2}.Release|x86.ActiveCfg = Release|Any CPU
		{B0A0CA02-4990-4E06-B692-0800F72523B2}.Release|x86.Build.0 = Release|Any CPU
		{7CAFAC19-2308-4CEC-A364-63691EA07554}.Debug|Any CPU.ActiveCfg = Debug|Any CPU
		{7CAFAC19-2308-4CEC-A364-63691EA07554}.Debug|Any CPU.Build.0 = Debug|Any CPU
		{7CAFAC19-2308-4CEC-A364-63691EA07554}.Debug|x64.ActiveCfg = Debug|Any CPU
		{7CAFAC19-2308-4CEC-A364-63691EA07554}.Debug|x64.Build.0 = Debug|Any CPU
		{7CAFAC19-2308-4CEC-A364-63691EA07554}.Debug|x86.ActiveCfg = Debug|Any CPU
		{7CAFAC19-2308-4CEC-A364-63691EA07554}.Debug|x86.Build.0 = Debug|Any CPU
		{7CAFAC19-2308-4CEC-A364-63691EA07554}.Release|Any CPU.ActiveCfg = Release|Any CPU
		{7CAFAC19-2308-4CEC-A364-63691EA07554}.Release|Any CPU.Build.0 = Release|Any CPU
		{7CAFAC19-2308-4CEC-A364-63691EA07554}.Release|x64.ActiveCfg = Release|Any CPU
		{7CAFAC19-2308-4CEC-A364-63691EA07554}.Release|x64.Build.0 = Release|Any CPU
		{7CAFAC19-2308-4CEC-A364-63691EA07554}.Release|x86.ActiveCfg = Release|Any CPU
		{7CAFAC19-2308-4CEC-A364-63691EA07554}.Release|x86.Build.0 = Release|Any CPU
		{C125ECBB-D257-4D7D-96AD-0DAB42E3F1F7}.Debug|Any CPU.ActiveCfg = Debug|Any CPU
		{C125ECBB-D257-4D7D-96AD-0DAB42E3F1F7}.Debug|Any CPU.Build.0 = Debug|Any CPU
		{C125ECBB-D257-4D7D-96AD-0DAB42E3F1F7}.Debug|x64.ActiveCfg = Debug|Any CPU
		{C125ECBB-D257-4D7D-96AD-0DAB42E3F1F7}.Debug|x64.Build.0 = Debug|Any CPU
		{C125ECBB-D257-4D7D-96AD-0DAB42E3F1F7}.Debug|x86.ActiveCfg = Debug|Any CPU
		{C125ECBB-D257-4D7D-96AD-0DAB42E3F1F7}.Debug|x86.Build.0 = Debug|Any CPU
		{C125ECBB-D257-4D7D-96AD-0DAB42E3F1F7}.Release|Any CPU.ActiveCfg = Release|Any CPU
		{C125ECBB-D257-4D7D-96AD-0DAB42E3F1F7}.Release|Any CPU.Build.0 = Release|Any CPU
		{C125ECBB-D257-4D7D-96AD-0DAB42E3F1F7}.Release|x64.ActiveCfg = Release|Any CPU
		{C125ECBB-D257-4D7D-96AD-0DAB42E3F1F7}.Release|x64.Build.0 = Release|Any CPU
		{C125ECBB-D257-4D7D-96AD-0DAB42E3F1F7}.Release|x86.ActiveCfg = Release|Any CPU
		{C125ECBB-D257-4D7D-96AD-0DAB42E3F1F7}.Release|x86.Build.0 = Release|Any CPU
		{6126177B-F58D-4C07-8A4E-51326B3F73CD}.Debug|Any CPU.ActiveCfg = Debug|Any CPU
		{6126177B-F58D-4C07-8A4E-51326B3F73CD}.Debug|Any CPU.Build.0 = Debug|Any CPU
		{6126177B-F58D-4C07-8A4E-51326B3F73CD}.Debug|x64.ActiveCfg = Debug|Any CPU
		{6126177B-F58D-4C07-8A4E-51326B3F73CD}.Debug|x64.Build.0 = Debug|Any CPU
		{6126177B-F58D-4C07-8A4E-51326B3F73CD}.Debug|x86.ActiveCfg = Debug|Any CPU
		{6126177B-F58D-4C07-8A4E-51326B3F73CD}.Debug|x86.Build.0 = Debug|Any CPU
		{6126177B-F58D-4C07-8A4E-51326B3F73CD}.Release|Any CPU.ActiveCfg = Release|Any CPU
		{6126177B-F58D-4C07-8A4E-51326B3F73CD}.Release|Any CPU.Build.0 = Release|Any CPU
		{6126177B-F58D-4C07-8A4E-51326B3F73CD}.Release|x64.ActiveCfg = Release|Any CPU
		{6126177B-F58D-4C07-8A4E-51326B3F73CD}.Release|x64.Build.0 = Release|Any CPU
		{6126177B-F58D-4C07-8A4E-51326B3F73CD}.Release|x86.ActiveCfg = Release|Any CPU
		{6126177B-F58D-4C07-8A4E-51326B3F73CD}.Release|x86.Build.0 = Release|Any CPU
		{7766F4E2-2C43-41D2-B91A-4D2FF055B074}.Debug|Any CPU.ActiveCfg = Debug|Any CPU
		{7766F4E2-2C43-41D2-B91A-4D2FF055B074}.Debug|Any CPU.Build.0 = Debug|Any CPU
		{7766F4E2-2C43-41D2-B91A-4D2FF055B074}.Debug|x64.ActiveCfg = Debug|Any CPU
		{7766F4E2-2C43-41D2-B91A-4D2FF055B074}.Debug|x64.Build.0 = Debug|Any CPU
		{7766F4E2-2C43-41D2-B91A-4D2FF055B074}.Debug|x86.ActiveCfg = Debug|Any CPU
		{7766F4E2-2C43-41D2-B91A-4D2FF055B074}.Debug|x86.Build.0 = Debug|Any CPU
		{7766F4E2-2C43-41D2-B91A-4D2FF055B074}.Release|Any CPU.ActiveCfg = Release|Any CPU
		{7766F4E2-2C43-41D2-B91A-4D2FF055B074}.Release|Any CPU.Build.0 = Release|Any CPU
		{7766F4E2-2C43-41D2-B91A-4D2FF055B074}.Release|x64.ActiveCfg = Release|Any CPU
		{7766F4E2-2C43-41D2-B91A-4D2FF055B074}.Release|x64.Build.0 = Release|Any CPU
		{7766F4E2-2C43-41D2-B91A-4D2FF055B074}.Release|x86.ActiveCfg = Release|Any CPU
		{7766F4E2-2C43-41D2-B91A-4D2FF055B074}.Release|x86.Build.0 = Release|Any CPU
		{798D53BA-2B6F-44A1-A9AA-06D384EABA64}.Debug|Any CPU.ActiveCfg = Debug|Any CPU
		{798D53BA-2B6F-44A1-A9AA-06D384EABA64}.Debug|Any CPU.Build.0 = Debug|Any CPU
		{798D53BA-2B6F-44A1-A9AA-06D384EABA64}.Debug|x64.ActiveCfg = Debug|Any CPU
		{798D53BA-2B6F-44A1-A9AA-06D384EABA64}.Debug|x64.Build.0 = Debug|Any CPU
		{798D53BA-2B6F-44A1-A9AA-06D384EABA64}.Debug|x86.ActiveCfg = Debug|Any CPU
		{798D53BA-2B6F-44A1-A9AA-06D384EABA64}.Debug|x86.Build.0 = Debug|Any CPU
		{798D53BA-2B6F-44A1-A9AA-06D384EABA64}.Release|Any CPU.ActiveCfg = Release|Any CPU
		{798D53BA-2B6F-44A1-A9AA-06D384EABA64}.Release|Any CPU.Build.0 = Release|Any CPU
		{798D53BA-2B6F-44A1-A9AA-06D384EABA64}.Release|x64.ActiveCfg = Release|Any CPU
		{798D53BA-2B6F-44A1-A9AA-06D384EABA64}.Release|x64.Build.0 = Release|Any CPU
		{798D53BA-2B6F-44A1-A9AA-06D384EABA64}.Release|x86.ActiveCfg = Release|Any CPU
		{798D53BA-2B6F-44A1-A9AA-06D384EABA64}.Release|x86.Build.0 = Release|Any CPU
		{6419AAC2-AEFC-4ED7-9788-89CFDAE03533}.Debug|Any CPU.ActiveCfg = Debug|Any CPU
		{6419AAC2-AEFC-4ED7-9788-89CFDAE03533}.Debug|Any CPU.Build.0 = Debug|Any CPU
		{6419AAC2-AEFC-4ED7-9788-89CFDAE03533}.Debug|x64.ActiveCfg = Debug|Any CPU
		{6419AAC2-AEFC-4ED7-9788-89CFDAE03533}.Debug|x64.Build.0 = Debug|Any CPU
		{6419AAC2-AEFC-4ED7-9788-89CFDAE03533}.Debug|x86.ActiveCfg = Debug|Any CPU
		{6419AAC2-AEFC-4ED7-9788-89CFDAE03533}.Debug|x86.Build.0 = Debug|Any CPU
		{6419AAC2-AEFC-4ED7-9788-89CFDAE03533}.Release|Any CPU.ActiveCfg = Release|Any CPU
		{6419AAC2-AEFC-4ED7-9788-89CFDAE03533}.Release|Any CPU.Build.0 = Release|Any CPU
		{6419AAC2-AEFC-4ED7-9788-89CFDAE03533}.Release|x64.ActiveCfg = Release|Any CPU
		{6419AAC2-AEFC-4ED7-9788-89CFDAE03533}.Release|x64.Build.0 = Release|Any CPU
		{6419AAC2-AEFC-4ED7-9788-89CFDAE03533}.Release|x86.ActiveCfg = Release|Any CPU
		{6419AAC2-AEFC-4ED7-9788-89CFDAE03533}.Release|x86.Build.0 = Release|Any CPU
		{B09C153E-7FAC-4DFA-BD1A-032BA7DB9EB9}.Debug|Any CPU.ActiveCfg = Debug|Any CPU
		{B09C153E-7FAC-4DFA-BD1A-032BA7DB9EB9}.Debug|Any CPU.Build.0 = Debug|Any CPU
		{B09C153E-7FAC-4DFA-BD1A-032BA7DB9EB9}.Debug|x64.ActiveCfg = Debug|Any CPU
		{B09C153E-7FAC-4DFA-BD1A-032BA7DB9EB9}.Debug|x64.Build.0 = Debug|Any CPU
		{B09C153E-7FAC-4DFA-BD1A-032BA7DB9EB9}.Debug|x86.ActiveCfg = Debug|Any CPU
		{B09C153E-7FAC-4DFA-BD1A-032BA7DB9EB9}.Debug|x86.Build.0 = Debug|Any CPU
		{B09C153E-7FAC-4DFA-BD1A-032BA7DB9EB9}.Release|Any CPU.ActiveCfg = Release|Any CPU
		{B09C153E-7FAC-4DFA-BD1A-032BA7DB9EB9}.Release|Any CPU.Build.0 = Release|Any CPU
		{B09C153E-7FAC-4DFA-BD1A-032BA7DB9EB9}.Release|x64.ActiveCfg = Release|Any CPU
		{B09C153E-7FAC-4DFA-BD1A-032BA7DB9EB9}.Release|x64.Build.0 = Release|Any CPU
		{B09C153E-7FAC-4DFA-BD1A-032BA7DB9EB9}.Release|x86.ActiveCfg = Release|Any CPU
		{B09C153E-7FAC-4DFA-BD1A-032BA7DB9EB9}.Release|x86.Build.0 = Release|Any CPU
		{A74C82E3-ACCA-4B89-A45F-18663A4A687F}.Debug|Any CPU.ActiveCfg = Debug|Any CPU
		{A74C82E3-ACCA-4B89-A45F-18663A4A687F}.Debug|Any CPU.Build.0 = Debug|Any CPU
		{A74C82E3-ACCA-4B89-A45F-18663A4A687F}.Debug|x64.ActiveCfg = Debug|Any CPU
		{A74C82E3-ACCA-4B89-A45F-18663A4A687F}.Debug|x64.Build.0 = Debug|Any CPU
		{A74C82E3-ACCA-4B89-A45F-18663A4A687F}.Debug|x86.ActiveCfg = Debug|Any CPU
		{A74C82E3-ACCA-4B89-A45F-18663A4A687F}.Debug|x86.Build.0 = Debug|Any CPU
		{A74C82E3-ACCA-4B89-A45F-18663A4A687F}.Release|Any CPU.ActiveCfg = Release|Any CPU
		{A74C82E3-ACCA-4B89-A45F-18663A4A687F}.Release|Any CPU.Build.0 = Release|Any CPU
		{A74C82E3-ACCA-4B89-A45F-18663A4A687F}.Release|x64.ActiveCfg = Release|Any CPU
		{A74C82E3-ACCA-4B89-A45F-18663A4A687F}.Release|x64.Build.0 = Release|Any CPU
		{A74C82E3-ACCA-4B89-A45F-18663A4A687F}.Release|x86.ActiveCfg = Release|Any CPU
		{A74C82E3-ACCA-4B89-A45F-18663A4A687F}.Release|x86.Build.0 = Release|Any CPU
		{9120CCD8-B3F4-4883-8A6A-056450A81B0D}.Debug|Any CPU.ActiveCfg = Debug|Any CPU
		{9120CCD8-B3F4-4883-8A6A-056450A81B0D}.Debug|Any CPU.Build.0 = Debug|Any CPU
		{9120CCD8-B3F4-4883-8A6A-056450A81B0D}.Debug|x64.ActiveCfg = Debug|Any CPU
		{9120CCD8-B3F4-4883-8A6A-056450A81B0D}.Debug|x64.Build.0 = Debug|Any CPU
		{9120CCD8-B3F4-4883-8A6A-056450A81B0D}.Debug|x86.ActiveCfg = Debug|Any CPU
		{9120CCD8-B3F4-4883-8A6A-056450A81B0D}.Debug|x86.Build.0 = Debug|Any CPU
		{9120CCD8-B3F4-4883-8A6A-056450A81B0D}.Release|Any CPU.ActiveCfg = Release|Any CPU
		{9120CCD8-B3F4-4883-8A6A-056450A81B0D}.Release|Any CPU.Build.0 = Release|Any CPU
		{9120CCD8-B3F4-4883-8A6A-056450A81B0D}.Release|x64.ActiveCfg = Release|Any CPU
		{9120CCD8-B3F4-4883-8A6A-056450A81B0D}.Release|x64.Build.0 = Release|Any CPU
		{9120CCD8-B3F4-4883-8A6A-056450A81B0D}.Release|x86.ActiveCfg = Release|Any CPU
		{9120CCD8-B3F4-4883-8A6A-056450A81B0D}.Release|x86.Build.0 = Release|Any CPU
		{FF65B045-4983-42F9-B734-B05BD3DBC140}.Debug|Any CPU.ActiveCfg = Debug|Any CPU
		{FF65B045-4983-42F9-B734-B05BD3DBC140}.Debug|Any CPU.Build.0 = Debug|Any CPU
		{FF65B045-4983-42F9-B734-B05BD3DBC140}.Debug|x64.ActiveCfg = Debug|Any CPU
		{FF65B045-4983-42F9-B734-B05BD3DBC140}.Debug|x64.Build.0 = Debug|Any CPU
		{FF65B045-4983-42F9-B734-B05BD3DBC140}.Debug|x86.ActiveCfg = Debug|Any CPU
		{FF65B045-4983-42F9-B734-B05BD3DBC140}.Debug|x86.Build.0 = Debug|Any CPU
		{FF65B045-4983-42F9-B734-B05BD3DBC140}.Release|Any CPU.ActiveCfg = Release|Any CPU
		{FF65B045-4983-42F9-B734-B05BD3DBC140}.Release|Any CPU.Build.0 = Release|Any CPU
		{FF65B045-4983-42F9-B734-B05BD3DBC140}.Release|x64.ActiveCfg = Release|Any CPU
		{FF65B045-4983-42F9-B734-B05BD3DBC140}.Release|x64.Build.0 = Release|Any CPU
		{FF65B045-4983-42F9-B734-B05BD3DBC140}.Release|x86.ActiveCfg = Release|Any CPU
		{FF65B045-4983-42F9-B734-B05BD3DBC140}.Release|x86.Build.0 = Release|Any CPU
		{E4615939-BA39-4F54-991D-E9FCF58C55FB}.Debug|Any CPU.ActiveCfg = Debug|Any CPU
		{E4615939-BA39-4F54-991D-E9FCF58C55FB}.Debug|Any CPU.Build.0 = Debug|Any CPU
		{E4615939-BA39-4F54-991D-E9FCF58C55FB}.Debug|x64.ActiveCfg = Debug|Any CPU
		{E4615939-BA39-4F54-991D-E9FCF58C55FB}.Debug|x64.Build.0 = Debug|Any CPU
		{E4615939-BA39-4F54-991D-E9FCF58C55FB}.Debug|x86.ActiveCfg = Debug|Any CPU
		{E4615939-BA39-4F54-991D-E9FCF58C55FB}.Debug|x86.Build.0 = Debug|Any CPU
		{E4615939-BA39-4F54-991D-E9FCF58C55FB}.Release|Any CPU.ActiveCfg = Release|Any CPU
		{E4615939-BA39-4F54-991D-E9FCF58C55FB}.Release|Any CPU.Build.0 = Release|Any CPU
		{E4615939-BA39-4F54-991D-E9FCF58C55FB}.Release|x64.ActiveCfg = Release|Any CPU
		{E4615939-BA39-4F54-991D-E9FCF58C55FB}.Release|x64.Build.0 = Release|Any CPU
		{E4615939-BA39-4F54-991D-E9FCF58C55FB}.Release|x86.ActiveCfg = Release|Any CPU
		{E4615939-BA39-4F54-991D-E9FCF58C55FB}.Release|x86.Build.0 = Release|Any CPU
		{5989E6D8-9445-4B29-BCFF-860FF433BCD8}.Debug|Any CPU.ActiveCfg = Debug|Any CPU
		{5989E6D8-9445-4B29-BCFF-860FF433BCD8}.Debug|Any CPU.Build.0 = Debug|Any CPU
		{5989E6D8-9445-4B29-BCFF-860FF433BCD8}.Debug|x64.ActiveCfg = Debug|Any CPU
		{5989E6D8-9445-4B29-BCFF-860FF433BCD8}.Debug|x64.Build.0 = Debug|Any CPU
		{5989E6D8-9445-4B29-BCFF-860FF433BCD8}.Debug|x86.ActiveCfg = Debug|Any CPU
		{5989E6D8-9445-4B29-BCFF-860FF433BCD8}.Debug|x86.Build.0 = Debug|Any CPU
		{5989E6D8-9445-4B29-BCFF-860FF433BCD8}.Release|Any CPU.ActiveCfg = Release|Any CPU
		{5989E6D8-9445-4B29-BCFF-860FF433BCD8}.Release|Any CPU.Build.0 = Release|Any CPU
		{5989E6D8-9445-4B29-BCFF-860FF433BCD8}.Release|x64.ActiveCfg = Release|Any CPU
		{5989E6D8-9445-4B29-BCFF-860FF433BCD8}.Release|x64.Build.0 = Release|Any CPU
		{5989E6D8-9445-4B29-BCFF-860FF433BCD8}.Release|x86.ActiveCfg = Release|Any CPU
		{5989E6D8-9445-4B29-BCFF-860FF433BCD8}.Release|x86.Build.0 = Release|Any CPU
		{F3F240E6-7D85-4268-8C85-19E9209D9F2A}.Debug|Any CPU.ActiveCfg = Debug|Any CPU
		{F3F240E6-7D85-4268-8C85-19E9209D9F2A}.Debug|Any CPU.Build.0 = Debug|Any CPU
		{F3F240E6-7D85-4268-8C85-19E9209D9F2A}.Debug|x64.ActiveCfg = Debug|Any CPU
		{F3F240E6-7D85-4268-8C85-19E9209D9F2A}.Debug|x64.Build.0 = Debug|Any CPU
		{F3F240E6-7D85-4268-8C85-19E9209D9F2A}.Debug|x86.ActiveCfg = Debug|Any CPU
		{F3F240E6-7D85-4268-8C85-19E9209D9F2A}.Debug|x86.Build.0 = Debug|Any CPU
		{F3F240E6-7D85-4268-8C85-19E9209D9F2A}.Release|Any CPU.ActiveCfg = Release|Any CPU
		{F3F240E6-7D85-4268-8C85-19E9209D9F2A}.Release|Any CPU.Build.0 = Release|Any CPU
		{F3F240E6-7D85-4268-8C85-19E9209D9F2A}.Release|x64.ActiveCfg = Release|Any CPU
		{F3F240E6-7D85-4268-8C85-19E9209D9F2A}.Release|x64.Build.0 = Release|Any CPU
		{F3F240E6-7D85-4268-8C85-19E9209D9F2A}.Release|x86.ActiveCfg = Release|Any CPU
		{F3F240E6-7D85-4268-8C85-19E9209D9F2A}.Release|x86.Build.0 = Release|Any CPU
		{EC586ACF-4E62-40C2-8ACA-30CD44F35B3E}.Debug|Any CPU.ActiveCfg = Debug|Any CPU
		{EC586ACF-4E62-40C2-8ACA-30CD44F35B3E}.Debug|Any CPU.Build.0 = Debug|Any CPU
		{EC586ACF-4E62-40C2-8ACA-30CD44F35B3E}.Debug|x64.ActiveCfg = Debug|Any CPU
		{EC586ACF-4E62-40C2-8ACA-30CD44F35B3E}.Debug|x64.Build.0 = Debug|Any CPU
		{EC586ACF-4E62-40C2-8ACA-30CD44F35B3E}.Debug|x86.ActiveCfg = Debug|Any CPU
		{EC586ACF-4E62-40C2-8ACA-30CD44F35B3E}.Debug|x86.Build.0 = Debug|Any CPU
		{EC586ACF-4E62-40C2-8ACA-30CD44F35B3E}.Release|Any CPU.ActiveCfg = Release|Any CPU
		{EC586ACF-4E62-40C2-8ACA-30CD44F35B3E}.Release|Any CPU.Build.0 = Release|Any CPU
		{EC586ACF-4E62-40C2-8ACA-30CD44F35B3E}.Release|x64.ActiveCfg = Release|Any CPU
		{EC586ACF-4E62-40C2-8ACA-30CD44F35B3E}.Release|x64.Build.0 = Release|Any CPU
		{EC586ACF-4E62-40C2-8ACA-30CD44F35B3E}.Release|x86.ActiveCfg = Release|Any CPU
		{EC586ACF-4E62-40C2-8ACA-30CD44F35B3E}.Release|x86.Build.0 = Release|Any CPU
		{602764E4-BDBC-4245-80DA-20163B7723E3}.Debug|Any CPU.ActiveCfg = Debug|Any CPU
		{602764E4-BDBC-4245-80DA-20163B7723E3}.Debug|Any CPU.Build.0 = Debug|Any CPU
		{602764E4-BDBC-4245-80DA-20163B7723E3}.Debug|x64.ActiveCfg = Debug|Any CPU
		{602764E4-BDBC-4245-80DA-20163B7723E3}.Debug|x64.Build.0 = Debug|Any CPU
		{602764E4-BDBC-4245-80DA-20163B7723E3}.Debug|x86.ActiveCfg = Debug|Any CPU
		{602764E4-BDBC-4245-80DA-20163B7723E3}.Debug|x86.Build.0 = Debug|Any CPU
		{602764E4-BDBC-4245-80DA-20163B7723E3}.Release|Any CPU.ActiveCfg = Release|Any CPU
		{602764E4-BDBC-4245-80DA-20163B7723E3}.Release|Any CPU.Build.0 = Release|Any CPU
		{602764E4-BDBC-4245-80DA-20163B7723E3}.Release|x64.ActiveCfg = Release|Any CPU
		{602764E4-BDBC-4245-80DA-20163B7723E3}.Release|x64.Build.0 = Release|Any CPU
		{602764E4-BDBC-4245-80DA-20163B7723E3}.Release|x86.ActiveCfg = Release|Any CPU
		{602764E4-BDBC-4245-80DA-20163B7723E3}.Release|x86.Build.0 = Release|Any CPU
	EndGlobalSection
	GlobalSection(SolutionProperties) = preSolution
		HideSolutionNode = FALSE
	EndGlobalSection
	GlobalSection(NestedProjects) = preSolution
		{C32D49EF-86A6-4DE2-8047-DC2728C618DD} = {D3EA1A6B-4667-4D2D-8F7F-DE3C300F7B7D}
		{B0A0CA02-4990-4E06-B692-0800F72523B2} = {D3EA1A6B-4667-4D2D-8F7F-DE3C300F7B7D}
		{7CAFAC19-2308-4CEC-A364-63691EA07554} = {448102A6-FFBA-4507-A43D-76730B611C76}
		{C125ECBB-D257-4D7D-96AD-0DAB42E3F1F7} = {448102A6-FFBA-4507-A43D-76730B611C76}
		{6126177B-F58D-4C07-8A4E-51326B3F73CD} = {448102A6-FFBA-4507-A43D-76730B611C76}
		{7766F4E2-2C43-41D2-B91A-4D2FF055B074} = {448102A6-FFBA-4507-A43D-76730B611C76}
		{798D53BA-2B6F-44A1-A9AA-06D384EABA64} = {767C934A-38E6-475D-A96A-19A147ABED11}
		{6419AAC2-AEFC-4ED7-9788-89CFDAE03533} = {767C934A-38E6-475D-A96A-19A147ABED11}
		{B09C153E-7FAC-4DFA-BD1A-032BA7DB9EB9} = {32D2B7F7-4CFA-4F6D-A38D-B9A197AEF936}
		{A74C82E3-ACCA-4B89-A45F-18663A4A687F} = {32D2B7F7-4CFA-4F6D-A38D-B9A197AEF936}
		{9120CCD8-B3F4-4883-8A6A-056450A81B0D} = {32D2B7F7-4CFA-4F6D-A38D-B9A197AEF936}
		{FF65B045-4983-42F9-B734-B05BD3DBC140} = {B0E9734B-EFB9-4780-AF40-5145531C422D}
		{E4615939-BA39-4F54-991D-E9FCF58C55FB} = {B0E9734B-EFB9-4780-AF40-5145531C422D}
		{5989E6D8-9445-4B29-BCFF-860FF433BCD8} = {B0E9734B-EFB9-4780-AF40-5145531C422D}
		{F3F240E6-7D85-4268-8C85-19E9209D9F2A} = {AADD6A80-702B-4E4B-ACAB-2F9DAC9D0F0F}
		{EC586ACF-4E62-40C2-8ACA-30CD44F35B3E} = {AADD6A80-702B-4E4B-ACAB-2F9DAC9D0F0F}
		{602764E4-BDBC-4245-80DA-20163B7723E3} = {AADD6A80-702B-4E4B-ACAB-2F9DAC9D0F0F}
	EndGlobalSection
EndGlobal
